# THIS IS AN AUTOGENERATED FILE. DO NOT EDIT THIS FILE DIRECTLY.
# yarn lockfile v1


"@remix-run/router@1.8.0":
  version "1.8.0"
  resolved "https://registry.yarnpkg.com/@remix-run/router/-/router-1.8.0.tgz#e848d2f669f601544df15ce2a313955e4bf0bafc"
  integrity sha512-mrfKqIHnSZRyIzBcanNJmVQELTnX+qagEDlcKO90RgRBVOZGSGvZKeDihTRfWcqoDn5N/NkUcwWTccnpN18Tfg==

"@stripe/react-stripe-js@^2.1.2":
  version "2.1.2"
  resolved "https://registry.yarnpkg.com/@stripe/react-stripe-js/-/react-stripe-js-2.1.2.tgz#981b4557f82455170ce88b7c2319e52a4e4c4429"
  integrity sha512-2JcKRvOdMD698uGrY0cINLHb6XHnY24L+wlWlw2+TbI2aXlQZ9t8Mc+KssFES+EuNgISbrp7fJR3w/13epfiOw==
  dependencies:
    prop-types "^15.7.2"

"@stripe/stripe-js@^2.1.1":
  version "2.1.1"
  resolved "https://registry.yarnpkg.com/@stripe/stripe-js/-/stripe-js-2.1.1.tgz#dd540bb9e764ef9e6fe54bbff9a259e66451a0b1"
  integrity sha512-V+0z21/YNbvIX0b2Fo6mE4w5kiihrdytAwVPG66RRWvkAe4COumywRfaWrBTmVQF2aAmxoRpeyTM1LKWbiOK6Q==

bluebird@^3.5.0:
  version "3.7.2"
  resolved "https://registry.yarnpkg.com/bluebird/-/bluebird-3.7.2.tgz#9f229c15be272454ffa973ace0dbee79a1b0c36f"
  integrity sha512-XpNj6GDQzdfW+r2Wnn7xiSAd7TM3jzkxGXBGTtWKuSXv1xUV+azxAm8jdWZN06QTQk+2N2XB9jRDkvbmQmcRtg==

"js-tokens@^3.0.0 || ^4.0.0":
  version "4.0.0"
  resolved "https://registry.yarnpkg.com/js-tokens/-/js-tokens-4.0.0.tgz#19203fb59991df98e3a287050d4647cdeaf32499"
  integrity sha512-RdJUflcE3cUzKiMqQgsCu06FPu9UdIJO0beYbPhHN4k6apgJtifcoCtT9bcxOpYBtpD2kCM6Sbzg4CausW/PKQ==

lodash@^4.17.19:
  version "4.17.21"
  resolved "https://registry.yarnpkg.com/lodash/-/lodash-4.17.21.tgz#679591c564c3bffaae8454cf0b3df370c3d6911c"
  integrity sha512-v2kDEe57lecTulaDIuNTPy3Ry4gLGJ6Z1O3vE1krgXZNrsQ+LFTGHVxVjcXPs17LhbZVGedAJv8XZ1tvj5FvSg==

loose-envify@^1.4.0:
  version "1.4.0"
  resolved "https://registry.yarnpkg.com/loose-envify/-/loose-envify-1.4.0.tgz#71ee51fa7be4caec1a63839f7e682d8132d30caf"
  integrity sha512-lyuxPGr/Wfhrlem2CL/UcnUc1zcqKAImBDzukY7Y5F/yQiNdko6+fRLevlw1HgMySw7f611UIY408EtxRSoK3Q==
  dependencies:
    js-tokens "^3.0.0 || ^4.0.0"

object-assign@^4.1.1:
  version "4.1.1"
  resolved "https://registry.yarnpkg.com/object-assign/-/object-assign-4.1.1.tgz#2109adc7965887cfc05cbbd442cac8bfbb360863"
  integrity sha512-rJgTQnkUnH1sFw8yT6VSU3zD3sWmu6sZhIseY8VX+GRu3P6F7Fu+JNDoXfklElbLJSnc3FUQHVe4cU5hj+BcUg==

prop-types@^15.7.2:
  version "15.8.1"
  resolved "https://registry.yarnpkg.com/prop-types/-/prop-types-15.8.1.tgz#67d87bf1a694f48435cf332c24af10214a3140b5"
  integrity sha512-oj87CgZICdulUohogVAR7AjlC0327U4el4L6eAvOqCeudMDVU0NThNaV+b9Df4dXgSP1gXMTnPdhfe/2qDH5cg==
  dependencies:
    loose-envify "^1.4.0"
    object-assign "^4.1.1"
    react-is "^16.13.1"

psl@^1.1.28:
  version "1.9.0"
  resolved "https://registry.yarnpkg.com/psl/-/psl-1.9.0.tgz#d0df2a137f00794565fcaf3b2c00cd09f8d5a5a7"
  integrity sha512-E/ZsdU4HLs/68gYzgGTkMicWTLPdAftJLfJFlLUAAKZGkStNU72sZjT66SnMDVOfOWY/YAoiD7Jxa9iHvngcag==

punycode@^2.1.1:
  version "2.3.0"
  resolved "https://registry.yarnpkg.com/punycode/-/punycode-2.3.0.tgz#f67fa67c94da8f4d0cfff981aee4118064199b8f"
  integrity sha512-rRV+zQD8tVFys26lAGR9WUuS4iUAngJScM+ZRSKtvl5tKeZ2t5bvdNFdNHBW9FWR4guGHlgmsZ1G7BSm2wTbuA==

react-is@^16.13.1:
  version "16.13.1"
  resolved "https://registry.yarnpkg.com/react-is/-/react-is-16.13.1.tgz#789729a4dc36de2999dc156dd6c1d9c18cea56a4"
  integrity sha512-24e6ynE2H+OKt4kqsOvNd8kBpV65zoxbA4BVsEOB3ARVWQki/DHzaUoC5KuON/BiccDaCCTZBuOcfZs70kR8bQ==

react-router-dom@^6.15.0:
  version "6.15.0"
  resolved "https://registry.yarnpkg.com/react-router-dom/-/react-router-dom-6.15.0.tgz#6da7db61e56797266fbbef0d5e324d6ac443ee40"
  integrity sha512-aR42t0fs7brintwBGAv2+mGlCtgtFQeOzK0BM1/OiqEzRejOZtpMZepvgkscpMUnKb8YO84G7s3LsHnnDNonbQ==
  dependencies:
    "@remix-run/router" "1.8.0"
    react-router "6.15.0"

react-router@6.15.0:
  version "6.15.0"
  resolved "https://registry.yarnpkg.com/react-router/-/react-router-6.15.0.tgz#bf2cb5a4a7ed57f074d4ea88db0d95033f39cac8"
  integrity sha512-NIytlzvzLwJkCQj2HLefmeakxxWHWAP+02EGqWEZy+DgfHHKQMUoBBjUQLOtFInBMhWtb3hiUy6MfFgwLjXhqg==
  dependencies:
    "@remix-run/router" "1.8.0"

request-promise-core@1.1.4:
  version "1.1.4"
  resolved "https://registry.yarnpkg.com/request-promise-core/-/request-promise-core-1.1.4.tgz#3eedd4223208d419867b78ce815167d10593a22f"
  integrity sha512-TTbAfBBRdWD7aNNOoVOBH4pN/KigV6LyapYNNlAPA8JwbovRti1E88m3sYAwsLi5ryhPKsE9APwnjFTgdUjTpw==
  dependencies:
    lodash "^4.17.19"

request-promise@^4.2.6:
  version "4.2.6"
  resolved "https://registry.yarnpkg.com/request-promise/-/request-promise-4.2.6.tgz#7e7e5b9578630e6f598e3813c0f8eb342a27f0a2"
  integrity sha512-HCHI3DJJUakkOr8fNoCc73E5nU5bqITjOYFMDrKHYOXWXrgD/SBaC7LjwuPymUprRyuF06UK7hd/lMHkmUXglQ==
  dependencies:
    bluebird "^3.5.0"
    request-promise-core "1.1.4"
    stealthy-require "^1.1.1"
    tough-cookie "^2.3.3"

stealthy-require@^1.1.1:
  version "1.1.1"
  resolved "https://registry.yarnpkg.com/stealthy-require/-/stealthy-require-1.1.1.tgz#35b09875b4ff49f26a777e509b3090a3226bf24b"
  integrity sha512-ZnWpYnYugiOVEY5GkcuJK1io5V8QmNYChG62gSit9pQVGErXtrKuPC55ITaVSukmMta5qpMU7vqLt2Lnni4f/g==

tough-cookie@^2.3.3:
  version "2.5.0"
  resolved "https://registry.yarnpkg.com/tough-cookie/-/tough-cookie-2.5.0.tgz#cd9fb2a0aa1d5a12b473bd9fb96fa3dcff65ade2"
  integrity sha512-nlLsUzgm1kfLXSXfRZMc1KLAugd4hqJHDTvc2hDIwS3mZAfMEuMbc03SujMF+GEcpaX/qboeycw6iO8JwVv2+g==
  dependencies:
    psl "^1.1.28"
    punycode "^2.1.1"
