# THIS IS AN AUTOGENERATED FILE. DO NOT EDIT THIS FILE DIRECTLY.
# yarn lockfile v1


"@cometchat/chat-uikit-react@^4.0.5":
  version "4.0.5"
  resolved "https://registry.yarnpkg.com/@cometchat/chat-uikit-react/-/chat-uikit-react-4.0.5.tgz#73d4ec7edf2e3bcb22c2fc435c615f2086218cfb"
  integrity sha512-AkAvEtM3Kyj/tzXspRayMCJ5MF6D40C4uTWF4NNxD7NoDAj7r+80rxfCzvMKaPpXyhgq8BDrGdyskU8BzftcWQ==
  dependencies:
    "@lit-labs/react" "^1.1.1"

"@lit-labs/react@^1.1.1":
  version "1.2.1"
  resolved "https://registry.yarnpkg.com/@lit-labs/react/-/react-1.2.1.tgz#5b421502cdf68a3639dec431318eeed2285f1c0e"
  integrity sha512-DiZdJYFU0tBbdQkfwwRSwYyI/mcWkg3sWesKRsHUd4G+NekTmmeq9fzsurvcKTNVa0comNljwtg4Hvi1ds3V+A==
